
Microsoft Visual Studio Solution File, Format Version 12.00
# Visual Studio Version 16
VisualStudioVersion = 16.0.29411.108
MinimumVisualStudioVersion = 10.0.40219.1
Project("{FAE04EC0-301F-11D3-BF4B-00C04F79EFBC}") = "DoorLock", "DoorLock\DoorLock.csproj", "{CA2DF13C-2F61-4C8C-B323-BA20B1E7B9CD}"
EndProject
Project("{FAE04EC0-301F-11D3-BF4B-00C04F79EFBC}") = "DoorLockDevice", "DoorLockDevice\DoorLockDevice.csproj", "{B33A0988-2747-483E-BD8D-EDA307C646EA}"
EndProject
Project("{FAE04EC0-301F-11D3-BF4B-00C04F79EFBC}") = "DoorLock_Library", "DoorLock_Library\DoorLock_Library.csproj", "{F407CE33-BE43-4871-A0F0-53E937CD2B10}"
EndProject
Project("{FAE04EC0-301F-11D3-BF4B-00C04F79EFBC}") = "DoorLock_Api", "DoorLock_Api\DoorLock_Api.csproj", "{6899C7CE-5F40-446B-ABB4-AD565A999D49}"
EndProject
Project("{FAE04EC0-301F-11D3-BF4B-00C04F79EFBC}") = "DoorLock_UnvversalLibrary", "DoorLock_UnvversalLibrary\DoorLock_UnvversalLibrary.csproj", "{AD22BE53-99FF-44B8-9B84-FAA03C1E35B2}"
EndProject
Global
	GlobalSection(SolutionConfigurationPlatforms) = preSolution
		Debug|Any CPU = Debug|Any CPU
		Debug|ARM = Debug|ARM
		Debug|ARM64 = Debug|ARM64
		Debug|x64 = Debug|x64
		Debug|x86 = Debug|x86
		Release|Any CPU = Release|Any CPU
		Release|ARM = Release|ARM
		Release|ARM64 = Release|ARM64
		Release|x64 = Release|x64
		Release|x86 = Release|x86
	EndGlobalSection
	GlobalSection(ProjectConfigurationPlatforms) = postSolution
		{CA2DF13C-2F61-4C8C-B323-BA20B1E7B9CD}.Debug|Any CPU.ActiveCfg = Debug|Any CPU
		{CA2DF13C-2F61-4C8C-B323-BA20B1E7B9CD}.Debug|Any CPU.Build.0 = Debug|Any CPU
		{CA2DF13C-2F61-4C8C-B323-BA20B1E7B9CD}.Debug|ARM.ActiveCfg = Debug|Any CPU
		{CA2DF13C-2F61-4C8C-B323-BA20B1E7B9CD}.Debug|ARM.Build.0 = Debug|Any CPU
		{CA2DF13C-2F61-4C8C-B323-BA20B1E7B9CD}.Debug|ARM64.ActiveCfg = Debug|Any CPU
		{CA2DF13C-2F61-4C8C-B323-BA20B1E7B9CD}.Debug|ARM64.Build.0 = Debug|Any CPU
		{CA2DF13C-2F61-4C8C-B323-BA20B1E7B9CD}.Debug|x64.ActiveCfg = Debug|Any CPU
		{CA2DF13C-2F61-4C8C-B323-BA20B1E7B9CD}.Debug|x64.Build.0 = Debug|Any CPU
		{CA2DF13C-2F61-4C8C-B323-BA20B1E7B9CD}.Debug|x86.ActiveCfg = Debug|Any CPU
		{CA2DF13C-2F61-4C8C-B323-BA20B1E7B9CD}.Debug|x86.Build.0 = Debug|Any CPU
		{CA2DF13C-2F61-4C8C-B323-BA20B1E7B9CD}.Release|Any CPU.ActiveCfg = Release|Any CPU
		{CA2DF13C-2F61-4C8C-B323-BA20B1E7B9CD}.Release|Any CPU.Build.0 = Release|Any CPU
		{CA2DF13C-2F61-4C8C-B323-BA20B1E7B9CD}.Release|ARM.ActiveCfg = Release|Any CPU
		{CA2DF13C-2F61-4C8C-B323-BA20B1E7B9CD}.Release|ARM.Build.0 = Release|Any CPU
		{CA2DF13C-2F61-4C8C-B323-BA20B1E7B9CD}.Release|ARM64.ActiveCfg = Release|Any CPU
		{CA2DF13C-2F61-4C8C-B323-BA20B1E7B9CD}.Release|ARM64.Build.0 = Release|Any CPU
		{CA2DF13C-2F61-4C8C-B323-BA20B1E7B9CD}.Release|x64.ActiveCfg = Release|Any CPU
		{CA2DF13C-2F61-4C8C-B323-BA20B1E7B9CD}.Release|x64.Build.0 = Release|Any CPU
		{CA2DF13C-2F61-4C8C-B323-BA20B1E7B9CD}.Release|x86.ActiveCfg = Release|Any CPU
		{CA2DF13C-2F61-4C8C-B323-BA20B1E7B9CD}.Release|x86.Build.0 = Release|Any CPU
		{B33A0988-2747-483E-BD8D-EDA307C646EA}.Debug|Any CPU.ActiveCfg = Debug|x86
		{B33A0988-2747-483E-BD8D-EDA307C646EA}.Debug|ARM.ActiveCfg = Debug|ARM
		{B33A0988-2747-483E-BD8D-EDA307C646EA}.Debug|ARM.Build.0 = Debug|ARM
		{B33A0988-2747-483E-BD8D-EDA307C646EA}.Debug|ARM.Deploy.0 = Debug|ARM
		{B33A0988-2747-483E-BD8D-EDA307C646EA}.Debug|ARM64.ActiveCfg = Debug|ARM64
		{B33A0988-2747-483E-BD8D-EDA307C646EA}.Debug|ARM64.Build.0 = Debug|ARM64
		{B33A0988-2747-483E-BD8D-EDA307C646EA}.Debug|ARM64.Deploy.0 = Debug|ARM64
		{B33A0988-2747-483E-BD8D-EDA307C646EA}.Debug|x64.ActiveCfg = Debug|x64
		{B33A0988-2747-483E-BD8D-EDA307C646EA}.Debug|x64.Build.0 = Debug|x64
		{B33A0988-2747-483E-BD8D-EDA307C646EA}.Debug|x64.Deploy.0 = Debug|x64
		{B33A0988-2747-483E-BD8D-EDA307C646EA}.Debug|x86.ActiveCfg = Debug|x86
		{B33A0988-2747-483E-BD8D-EDA307C646EA}.Debug|x86.Build.0 = Debug|x86
		{B33A0988-2747-483E-BD8D-EDA307C646EA}.Debug|x86.Deploy.0 = Debug|x86
		{B33A0988-2747-483E-BD8D-EDA307C646EA}.Release|Any CPU.ActiveCfg = Release|x86
		{B33A0988-2747-483E-BD8D-EDA307C646EA}.Release|ARM.ActiveCfg = Release|ARM
		{B33A0988-2747-483E-BD8D-EDA307C646EA}.Release|ARM.Build.0 = Release|ARM
		{B33A0988-2747-483E-BD8D-EDA307C646EA}.Release|ARM.Deploy.0 = Release|ARM
		{B33A0988-2747-483E-BD8D-EDA307C646EA}.Release|ARM64.ActiveCfg = Release|ARM64
		{B33A0988-2747-483E-BD8D-EDA307C646EA}.Release|ARM64.Build.0 = Release|ARM64
		{B33A0988-2747-483E-BD8D-EDA307C646EA}.Release|ARM64.Deploy.0 = Release|ARM64
		{B33A0988-2747-483E-BD8D-EDA307C646EA}.Release|x64.ActiveCfg = Release|x64
		{B33A0988-2747-483E-BD8D-EDA307C646EA}.Release|x64.Build.0 = Release|x64
		{B33A0988-2747-483E-BD8D-EDA307C646EA}.Release|x64.Deploy.0 = Release|x64
		{B33A0988-2747-483E-BD8D-EDA307C646EA}.Release|x86.ActiveCfg = Release|x86
		{B33A0988-2747-483E-BD8D-EDA307C646EA}.Release|x86.Build.0 = Release|x86
		{B33A0988-2747-483E-BD8D-EDA307C646EA}.Release|x86.Deploy.0 = Release|x86
		{F407CE33-BE43-4871-A0F0-53E937CD2B10}.Debug|Any CPU.ActiveCfg = Debug|Any CPU
		{F407CE33-BE43-4871-A0F0-53E937CD2B10}.Debug|Any CPU.Build.0 = Debug|Any CPU
		{F407CE33-BE43-4871-A0F0-53E937CD2B10}.Debug|ARM.ActiveCfg = Debug|Any CPU
		{F407CE33-BE43-4871-A0F0-53E937CD2B10}.Debug|ARM.Build.0 = Debug|Any CPU
		{F407CE33-BE43-4871-A0F0-53E937CD2B10}.Debug|ARM64.ActiveCfg = Debug|Any CPU
		{F407CE33-BE43-4871-A0F0-53E937CD2B10}.Debug|ARM64.Build.0 = Debug|Any CPU
		{F407CE33-BE43-4871-A0F0-53E937CD2B10}.Debug|x64.ActiveCfg = Debug|Any CPU
		{F407CE33-BE43-4871-A0F0-53E937CD2B10}.Debug|x64.Build.0 = Debug|Any CPU
		{F407CE33-BE43-4871-A0F0-53E937CD2B10}.Debug|x86.ActiveCfg = Debug|Any CPU
		{F407CE33-BE43-4871-A0F0-53E937CD2B10}.Debug|x86.Build.0 = Debug|Any CPU
		{F407CE33-BE43-4871-A0F0-53E937CD2B10}.Release|Any CPU.ActiveCfg = Release|Any CPU
		{F407CE33-BE43-4871-A0F0-53E937CD2B10}.Release|Any CPU.Build.0 = Release|Any CPU
		{F407CE33-BE43-4871-A0F0-53E937CD2B10}.Release|ARM.ActiveCfg = Release|Any CPU
		{F407CE33-BE43-4871-A0F0-53E937CD2B10}.Release|ARM.Build.0 = Release|Any CPU
		{F407CE33-BE43-4871-A0F0-53E937CD2B10}.Release|ARM64.ActiveCfg = Release|Any CPU
		{F407CE33-BE43-4871-A0F0-53E937CD2B10}.Release|ARM64.Build.0 = Release|Any CPU
		{F407CE33-BE43-4871-A0F0-53E937CD2B10}.Release|x64.ActiveCfg = Release|Any CPU
		{F407CE33-BE43-4871-A0F0-53E937CD2B10}.Release|x64.Build.0 = Release|Any CPU
		{F407CE33-BE43-4871-A0F0-53E937CD2B10}.Release|x86.ActiveCfg = Release|Any CPU
		{F407CE33-BE43-4871-A0F0-53E937CD2B10}.Release|x86.Build.0 = Release|Any CPU
		{6899C7CE-5F40-446B-ABB4-AD565A999D49}.Debug|Any CPU.ActiveCfg = Debug|Any CPU
		{6899C7CE-5F40-446B-ABB4-AD565A999D49}.Debug|Any CPU.Build.0 = Debug|Any CPU
		{6899C7CE-5F40-446B-ABB4-AD565A999D49}.Debug|ARM.ActiveCfg = Debug|Any CPU
		{6899C7CE-5F40-446B-ABB4-AD565A999D49}.Debug|ARM.Build.0 = Debug|Any CPU
		{6899C7CE-5F40-446B-ABB4-AD565A999D49}.Debug|ARM64.ActiveCfg = Debug|Any CPU
		{6899C7CE-5F40-446B-ABB4-AD565A999D49}.Debug|ARM64.Build.0 = Debug|Any CPU
		{6899C7CE-5F40-446B-ABB4-AD565A999D49}.Debug|x64.ActiveCfg = Debug|Any CPU
		{6899C7CE-5F40-446B-ABB4-AD565A999D49}.Debug|x64.Build.0 = Debug|Any CPU
		{6899C7CE-5F40-446B-ABB4-AD565A999D49}.Debug|x86.ActiveCfg = Debug|Any CPU
		{6899C7CE-5F40-446B-ABB4-AD565A999D49}.Debug|x86.Build.0 = Debug|Any CPU
		{6899C7CE-5F40-446B-ABB4-AD565A999D49}.Release|Any CPU.ActiveCfg = Release|Any CPU
		{6899C7CE-5F40-446B-ABB4-AD565A999D49}.Release|Any CPU.Build.0 = Release|Any CPU
		{6899C7CE-5F40-446B-ABB4-AD565A999D49}.Release|ARM.ActiveCfg = Release|Any CPU
		{6899C7CE-5F40-446B-ABB4-AD565A999D49}.Release|ARM.Build.0 = Release|Any CPU
		{6899C7CE-5F40-446B-ABB4-AD565A999D49}.Release|ARM64.ActiveCfg = Release|Any CPU
		{6899C7CE-5F40-446B-ABB4-AD565A999D49}.Release|ARM64.Build.0 = Release|Any CPU
		{6899C7CE-5F40-446B-ABB4-AD565A999D49}.Release|x64.ActiveCfg = Release|Any CPU
		{6899C7CE-5F40-446B-ABB4-AD565A999D49}.Release|x64.Build.0 = Release|Any CPU
		{6899C7CE-5F40-446B-ABB4-AD565A999D49}.Release|x86.ActiveCfg = Release|Any CPU
		{6899C7CE-5F40-446B-ABB4-AD565A999D49}.Release|x86.Build.0 = Release|Any CPU
		{AD22BE53-99FF-44B8-9B84-FAA03C1E35B2}.Debug|Any CPU.ActiveCfg = Debug|Any CPU
		{AD22BE53-99FF-44B8-9B84-FAA03C1E35B2}.Debug|Any CPU.Build.0 = Debug|Any CPU
		{AD22BE53-99FF-44B8-9B84-FAA03C1E35B2}.Debug|ARM.ActiveCfg = Debug|ARM
		{AD22BE53-99FF-44B8-9B84-FAA03C1E35B2}.Debug|ARM.Build.0 = Debug|ARM
		{AD22BE53-99FF-44B8-9B84-FAA03C1E35B2}.Debug|ARM64.ActiveCfg = Debug|ARM64
		{AD22BE53-99FF-44B8-9B84-FAA03C1E35B2}.Debug|ARM64.Build.0 = Debug|ARM64
		{AD22BE53-99FF-44B8-9B84-FAA03C1E35B2}.Debug|x64.ActiveCfg = Debug|x64
		{AD22BE53-99FF-44B8-9B84-FAA03C1E35B2}.Debug|x64.Build.0 = Debug|x64
		{AD22BE53-99FF-44B8-9B84-FAA03C1E35B2}.Debug|x86.ActiveCfg = Debug|x86
		{AD22BE53-99FF-44B8-9B84-FAA03C1E35B2}.Debug|x86.Build.0 = Debug|x86
		{AD22BE53-99FF-44B8-9B84-FAA03C1E35B2}.Release|Any CPU.ActiveCfg = Release|Any CPU
		{AD22BE53-99FF-44B8-9B84-FAA03C1E35B2}.Release|Any CPU.Build.0 = Release|Any CPU
		{AD22BE53-99FF-44B8-9B84-FAA03C1E35B2}.Release|ARM.ActiveCfg = Release|ARM
		{AD22BE53-99FF-44B8-9B84-FAA03C1E35B2}.Release|ARM.Build.0 = Release|ARM
		{AD22BE53-99FF-44B8-9B84-FAA03C1E35B2}.Release|ARM64.ActiveCfg = Release|ARM64
		{AD22BE53-99FF-44B8-9B84-FAA03C1E35B2}.Release|ARM64.Build.0 = Release|ARM64
		{AD22BE53-99FF-44B8-9B84-FAA03C1E35B2}.Release|x64.ActiveCfg = Release|x64
		{AD22BE53-99FF-44B8-9B84-FAA03C1E35B2}.Release|x64.Build.0 = Release|x64
		{AD22BE53-99FF-44B8-9B84-FAA03C1E35B2}.Release|x86.ActiveCfg = Release|x86
		{AD22BE53-99FF-44B8-9B84-FAA03C1E35B2}.Release|x86.Build.0 = Release|x86
	EndGlobalSection
	GlobalSection(SolutionProperties) = preSolution
		HideSolutionNode = FALSE
	EndGlobalSection
	GlobalSection(ExtensibilityGlobals) = postSolution
		SolutionGuid = {52C86DE8-8CB3-4B41-9CD0-946F6729B412}
	EndGlobalSection
EndGlobal
